
Microsoft Visual Studio Solution File, Format Version 12.00
# Visual Studio Version 16
VisualStudioVersion = 16.0.32428.217
MinimumVisualStudioVersion = 10.0.40219.1
Project("{9A19103F-16F7-4668-BE54-9A1E7A4F7556}") = "API_Core_Individual", "API_Core_Individual\API_Core_Individual.csproj", "{D129043F-E49D-4BAE-828D-5E923F3F5B4B}"
EndProject
Project("{9A19103F-16F7-4668-BE54-9A1E7A4F7556}") = "API_Core_BL", "API_Core_BL\API_Core_BL.csproj", "{5AF3FCD4-6467-4D2E-82DA-61694EA9AC77}"
EndProject
Project("{9A19103F-16F7-4668-BE54-9A1E7A4F7556}") = "API_Core_DAL", "API_Core_DAL\API_Core_DAL.csproj", "{7DB641D9-756C-44E7-94EA-3DD93C86B336}"
EndProject
Project("{FAE04EC0-301F-11D3-BF4B-00C04F79EFBC}") = "Api_Core_Console", "Api_Core_Console\Api_Core_Console.csproj", "{5FB216AA-E661-4CC4-8C9C-EF9B1668C487}"
EndProject
Global
	GlobalSection(SolutionConfigurationPlatforms) = preSolution
		Debug|Any CPU = Debug|Any CPU
		Release|Any CPU = Release|Any CPU
	EndGlobalSection
	GlobalSection(ProjectConfigurationPlatforms) = postSolution
		{D129043F-E49D-4BAE-828D-5E923F3F5B4B}.Debug|Any CPU.ActiveCfg = Debug|Any CPU
		{D129043F-E49D-4BAE-828D-5E923F3F5B4B}.Debug|Any CPU.Build.0 = Debug|Any CPU
		{D129043F-E49D-4BAE-828D-5E923F3F5B4B}.Release|Any CPU.ActiveCfg = Release|Any CPU
		{D129043F-E49D-4BAE-828D-5E923F3F5B4B}.Release|Any CPU.Build.0 = Release|Any CPU
		{5AF3FCD4-6467-4D2E-82DA-61694EA9AC77}.Debug|Any CPU.ActiveCfg = Debug|Any CPU
		{5AF3FCD4-6467-4D2E-82DA-61694EA9AC77}.Debug|Any CPU.Build.0 = Debug|Any CPU
		{5AF3FCD4-6467-4D2E-82DA-61694EA9AC77}.Release|Any CPU.ActiveCfg = Release|Any CPU
		{5AF3FCD4-6467-4D2E-82DA-61694EA9AC77}.Release|Any CPU.Build.0 = Release|Any CPU
		{7DB641D9-756C-44E7-94EA-3DD93C86B336}.Debug|Any CPU.ActiveCfg = Debug|Any CPU
		{7DB641D9-756C-44E7-94EA-3DD93C86B336}.Debug|Any CPU.Build.0 = Debug|Any CPU
		{7DB641D9-756C-44E7-94EA-3DD93C86B336}.Release|Any CPU.ActiveCfg = Release|Any CPU
		{7DB641D9-756C-44E7-94EA-3DD93C86B336}.Release|Any CPU.Build.0 = Release|Any CPU
		{5FB216AA-E661-4CC4-8C9C-EF9B1668C487}.Debug|Any CPU.ActiveCfg = Debug|Any CPU
		{5FB216AA-E661-4CC4-8C9C-EF9B1668C487}.Debug|Any CPU.Build.0 = Debug|Any CPU
		{5FB216AA-E661-4CC4-8C9C-EF9B1668C487}.Release|Any CPU.ActiveCfg = Release|Any CPU
		{5FB216AA-E661-4CC4-8C9C-EF9B1668C487}.Release|Any CPU.Build.0 = Release|Any CPU
	EndGlobalSection
	GlobalSection(SolutionProperties) = preSolution
		HideSolutionNode = FALSE
	EndGlobalSection
	GlobalSection(ExtensibilityGlobals) = postSolution
		SolutionGuid = {CB3B806F-5E9F-4B9E-A719-515B1FD48183}
	EndGlobalSection
EndGlobal
